
Microsoft Visual Studio Solution File, Format Version 12.00
# Visual Studio Version 17
VisualStudioVersion = 17.0.31717.71
MinimumVisualStudioVersion = 10.0.40219.1
Project("{9A19103F-16F7-4668-BE54-9A1E7A4F7556}") = "ExercisesWebsite", "ExercisesWebsite\ExercisesWebsite.csproj", "{169F7BED-49B3-4052-B170-B2F28A194971}"
EndProject
Project("{9A19103F-16F7-4668-BE54-9A1E7A4F7556}") = "ExercisesDAL", "ExercisesDAL\ExercisesDAL.csproj", "{6D667C21-63F4-4CF2-8A76-D3716E620DF8}"
EndProject
Project("{9A19103F-16F7-4668-BE54-9A1E7A4F7556}") = "ExerciseTests", "ExerciseTests\ExerciseTests.csproj", "{969D183F-72DD-42F0-95D4-3C129F1C71A0}"
EndProject
Project("{FAE04EC0-301F-11D3-BF4B-00C04F79EFBC}") = "ExercisesViewModels", "ExercisesViewModels\ExercisesViewModels.csproj", "{6BE6BE40-1053-411D-ABA9-6804AF4E99B7}"
EndProject
Global
	GlobalSection(SolutionConfigurationPlatforms) = preSolution
		Debug|Any CPU = Debug|Any CPU
		Release|Any CPU = Release|Any CPU
	EndGlobalSection
	GlobalSection(ProjectConfigurationPlatforms) = postSolution
		{169F7BED-49B3-4052-B170-B2F28A194971}.Debug|Any CPU.ActiveCfg = Debug|Any CPU
		{169F7BED-49B3-4052-B170-B2F28A194971}.Debug|Any CPU.Build.0 = Debug|Any CPU
		{169F7BED-49B3-4052-B170-B2F28A194971}.Release|Any CPU.ActiveCfg = Release|Any CPU
		{169F7BED-49B3-4052-B170-B2F28A194971}.Release|Any CPU.Build.0 = Release|Any CPU
		{6D667C21-63F4-4CF2-8A76-D3716E620DF8}.Debug|Any CPU.ActiveCfg = Debug|Any CPU
		{6D667C21-63F4-4CF2-8A76-D3716E620DF8}.Debug|Any CPU.Build.0 = Debug|Any CPU
		{6D667C21-63F4-4CF2-8A76-D3716E620DF8}.Release|Any CPU.ActiveCfg = Release|Any CPU
		{6D667C21-63F4-4CF2-8A76-D3716E620DF8}.Release|Any CPU.Build.0 = Release|Any CPU
		{969D183F-72DD-42F0-95D4-3C129F1C71A0}.Debug|Any CPU.ActiveCfg = Debug|Any CPU
		{969D183F-72DD-42F0-95D4-3C129F1C71A0}.Debug|Any CPU.Build.0 = Debug|Any CPU
		{969D183F-72DD-42F0-95D4-3C129F1C71A0}.Release|Any CPU.ActiveCfg = Release|Any CPU
		{969D183F-72DD-42F0-95D4-3C129F1C71A0}.Release|Any CPU.Build.0 = Release|Any CPU
		{6BE6BE40-1053-411D-ABA9-6804AF4E99B7}.Debug|Any CPU.ActiveCfg = Debug|Any CPU
		{6BE6BE40-1053-411D-ABA9-6804AF4E99B7}.Debug|Any CPU.Build.0 = Debug|Any CPU
		{6BE6BE40-1053-411D-ABA9-6804AF4E99B7}.Release|Any CPU.ActiveCfg = Release|Any CPU
		{6BE6BE40-1053-411D-ABA9-6804AF4E99B7}.Release|Any CPU.Build.0 = Release|Any CPU
	EndGlobalSection
	GlobalSection(SolutionProperties) = preSolution
		HideSolutionNode = FALSE
	EndGlobalSection
	GlobalSection(ExtensibilityGlobals) = postSolution
		SolutionGuid = {511C3B2E-EE10-4D85-8EEC-8EC7678CF1B8}
	EndGlobalSection
EndGlobal
